{
  "name": "uetemm_notas_front",
  "lockfileVersion": 3,
  "requires": true,
  "packages": {
    "": {
      "dependencies": {
        "@angular/cdk": "^18.0.3",
        "jquery": "^3.7.1",
        "primeicons": "^7.0.0",
        "primeng": "^17.18.1"
      },
      "devDependencies": {
        "@types/jquery": "^3.5.30"
      }
    },
    "node_modules/@angular/cdk": {
      "version": "18.0.3",
      "resolved": "https://registry.npmjs.org/@angular/cdk/-/cdk-18.0.3.tgz",
      "integrity": "sha512-F6kXAoIWUbvhvbSGnMxrKJZsI7rhGKDXVFFf9m+ZQAbqboSyDbbszux7Em4CEh27LaXYNFltUcKdCQ3hdp7Kig==",
      "dependencies": {
        "tslib": "^2.3.0"
      },
      "optionalDependencies": {
        "parse5": "^7.1.2"
      },
      "peerDependencies": {
        "@angular/common": "^18.0.0 || ^19.0.0",
        "@angular/core": "^18.0.0 || ^19.0.0",
        "rxjs": "^6.5.3 || ^7.4.0"
      }
    },
    "node_modules/@types/jquery": {
      "version": "3.5.30",
      "resolved": "https://registry.npmjs.org/@types/jquery/-/jquery-3.5.30.tgz",
      "integrity": "sha512-nbWKkkyb919DOUxjmRVk8vwtDb0/k8FKncmUKFi+NY+QXqWltooxTrswvz4LspQwxvLdvzBN1TImr6cw3aQx2A==",
      "dev": true,
      "dependencies": {
        "@types/sizzle": "*"
      }
    },
    "node_modules/@types/sizzle": {
      "version": "2.3.8",
      "resolved": "https://registry.npmjs.org/@types/sizzle/-/sizzle-2.3.8.tgz",
      "integrity": "sha512-0vWLNK2D5MT9dg0iOo8GlKguPAU02QjmZitPEsXRuJXU/OGIOt9vT9Fc26wtYuavLxtO45v9PGleoL9Z0k1LHg==",
      "dev": true
    },
    "node_modules/entities": {
      "version": "4.5.0",
      "resolved": "https://registry.npmjs.org/entities/-/entities-4.5.0.tgz",
      "integrity": "sha512-V0hjH4dGPh9Ao5p0MoRY6BVqtwCjhz6vI5LT8AJ55H+4g9/4vbHx1I54fS0XuclLhDHArPQCiMjDxjaL8fPxhw==",
      "optional": true,
      "engines": {
        "node": ">=0.12"
      },
      "funding": {
        "url": "https://github.com/fb55/entities?sponsor=1"
      }
    },
    "node_modules/jquery": {
      "version": "3.7.1",
      "resolved": "https://registry.npmjs.org/jquery/-/jquery-3.7.1.tgz",
      "integrity": "sha512-m4avr8yL8kmFN8psrbFFFmB/If14iN5o9nw/NgnnM+kybDJpRsAynV2BsfpTYrTRysYUdADVD7CkUUizgkpLfg=="
    },
    "node_modules/parse5": {
      "version": "7.1.2",
      "resolved": "https://registry.npmjs.org/parse5/-/parse5-7.1.2.tgz",
      "integrity": "sha512-Czj1WaSVpaoj0wbhMzLmWD69anp2WH7FXMB9n1Sy8/ZFF9jolSQVMu1Ij5WIyGmcBmhk7EOndpO4mIpihVqAXw==",
      "optional": true,
      "dependencies": {
        "entities": "^4.4.0"
      },
      "funding": {
        "url": "https://github.com/inikulin/parse5?sponsor=1"
      }
    },
    "node_modules/primeicons": {
      "version": "7.0.0",
      "resolved": "https://registry.npmjs.org/primeicons/-/primeicons-7.0.0.tgz",
      "integrity": "sha512-jK3Et9UzwzTsd6tzl2RmwrVY/b8raJ3QZLzoDACj+oTJ0oX7L9Hy+XnVwgo4QVKlKpnP/Ur13SXV/pVh4LzaDw=="
    },
    "node_modules/primeng": {
      "version": "17.18.1",
      "resolved": "https://registry.npmjs.org/primeng/-/primeng-17.18.1.tgz",
      "integrity": "sha512-pMuXOgLQw5Xz0w9d3YTp2DAlYR8svK1Jz5gSWAhk6AyH7u7akwL1JX96RXVzLS8v2YeLUCvkMM+QROOvR3yKug==",
      "dependencies": {
        "tslib": "^2.3.0"
      },
      "peerDependencies": {
        "@angular/common": "^17.0.0 || ^18.0.0",
        "@angular/core": "^17.0.0 || ^18.0.0",
        "@angular/forms": "^17.0.0 || ^18.0.0",
        "rxjs": "^6.0.0 || ^7.8.1",
        "zone.js": "~0.14.0"
      }
    },
    "node_modules/tslib": {
      "version": "2.6.3",
      "resolved": "https://registry.npmjs.org/tslib/-/tslib-2.6.3.tgz",
      "integrity": "sha512-xNvxJEOUiWPGhUuUdQgAJPKOOJfGnIyKySOc09XkKsgdUV/3E2zvwZYdejjmRgPCgcym1juLH3226yA7sEFJKQ=="
    }
  }
}
